{
  "name": "ailocalism",
  "lockfileVersion": 3,
  "requires": true,
  "packages": {
    "": {
      "dependencies": {
        "@directus/sdk": "^13.0.2"
      }
    },
    "node_modules/@directus/sdk": {
      "version": "13.0.2",
      "resolved": "https://registry.npmjs.org/@directus/sdk/-/sdk-13.0.2.tgz",
      "integrity": "sha512-KECQM0w8xlgr5EklX+Jb9+dIzXyvJFjRfhiIAI7l/b0WEtVaCfvRMIrJXR3XsLeVW9u2nu+b/TffOyTMSLjm2w==",
      "engines": {
        "node": ">=18.0.0"
      },
      "funding": {
        "url": "https://github.com/directus/directus?sponsor=1"
      }
    }
  }
}
